{
  "version": "2",
  "remote": {
    "https://deno.land/std@0.150.0/_util/assert.ts": "e94f2eb37cebd7f199952e242c77654e43333c1ac4c5c700e929ea3aa5489f74",
    "https://deno.land/std@0.150.0/_util/os.ts": "3b4c6e27febd119d36a416d7a97bd3b0251b77c88942c8f16ee5953ea13e2e49",
    "https://deno.land/std@0.150.0/path/_constants.ts": "df1db3ffa6dd6d1252cc9617e5d72165cd2483df90e93833e13580687b6083c3",
    "https://deno.land/std@0.150.0/path/_interface.ts": "ee3b431a336b80cf445441109d089b70d87d5e248f4f90ff906820889ecf8d09",
    "https://deno.land/std@0.150.0/path/_util.ts": "c1e9686d0164e29f7d880b2158971d805b6e0efc3110d0b3e24e4b8af2190d2b",
    "https://deno.land/std@0.150.0/path/common.ts": "bee563630abd2d97f99d83c96c2fa0cca7cee103e8cb4e7699ec4d5db7bd2633",
    "https://deno.land/std@0.150.0/path/glob.ts": "cb5255638de1048973c3e69e420c77dc04f75755524cb3b2e160fe9277d939ee",
    "https://deno.land/std@0.150.0/path/mod.ts": "4945b430b759b0b3d98f2a278542cbcf95e0ad2bd8eaaed3c67322b306b2b346",
    "https://deno.land/std@0.150.0/path/posix.ts": "c1f7afe274290ea0b51da07ee205653b2964bd74909a82deb07b69a6cc383aaa",
    "https://deno.land/std@0.150.0/path/separator.ts": "fe1816cb765a8068afb3e8f13ad272351c85cbc739af56dacfc7d93d710fe0f9",
    "https://deno.land/std@0.150.0/path/win32.ts": "bd7549042e37879c68ff2f8576a25950abbfca1d696d41d82c7bca0b7e6f452c",
    "https://deno.land/std@0.165.0/_util/asserts.ts": "d0844e9b62510f89ce1f9878b046f6a57bf88f208a10304aab50efcb48365272",
    "https://deno.land/std@0.165.0/_util/os.ts": "8a33345f74990e627b9dfe2de9b040004b08ea5146c7c9e8fe9a29070d193934",
    "https://deno.land/std@0.165.0/async/abortable.ts": "87aa7230be8360c24ad437212311c9e8d4328854baec27b4c7abb26e85515c06",
    "https://deno.land/std@0.165.0/async/deadline.ts": "48ac998d7564969f3e6ec6b6f9bf0217ebd00239b1b2292feba61272d5dd58d0",
    "https://deno.land/std@0.165.0/async/debounce.ts": "dc8b92d4a4fe7eac32c924f2b8d3e62112530db70cadce27042689d82970b350",
    "https://deno.land/std@0.165.0/async/deferred.ts": "d8fb253ffde2a056e4889ef7e90f3928f28be9f9294b6505773d33f136aab4e6",
    "https://deno.land/std@0.165.0/async/delay.ts": "0419dfc993752849692d1f9647edf13407c7facc3509b099381be99ffbc9d699",
    "https://deno.land/std@0.165.0/async/mod.ts": "dd0a8ed4f3984ffabe2fcca7c9f466b7932d57b1864ffee148a5d5388316db6b",
    "https://deno.land/std@0.165.0/async/mux_async_iterator.ts": "3447b28a2a582224a3d4d3596bccbba6e85040da3b97ed64012f7decce98d093",
    "https://deno.land/std@0.165.0/async/pool.ts": "ef9eb97b388543acbf0ac32647121e4dbe629236899586c4d4311a8770fbb239",
    "https://deno.land/std@0.165.0/async/tee.ts": "9af3a3e7612af75861308b52249e167f5ebc3dcfc8a1a4d45462d96606ee2b70",
    "https://deno.land/std@0.165.0/bytes/bytes_list.ts": "aba5e2369e77d426b10af1de0dcc4531acecec27f9b9056f4f7bfbf8ac147ab4",
    "https://deno.land/std@0.165.0/bytes/equals.ts": "3c3558c3ae85526f84510aa2b48ab2ad7bdd899e2e0f5b7a8ffc85acb3a6043a",
    "https://deno.land/std@0.165.0/bytes/mod.ts": "b2e342fd3669176a27a4e15061e9d588b89c1aaf5008ab71766e23669565d179",
    "https://deno.land/std@0.165.0/crypto/timing_safe_equal.ts": "3784958e40a5fe10429a68b75cc5f8d34356bf0bc2eb93c80c3033e2a6f17821",
    "https://deno.land/std@0.165.0/encoding/_yaml/dumper/dumper.ts": "5bd334372608a1aec7a2343705930889d4048f57a2c4d398f1d6d75996ecd0d3",
    "https://deno.land/std@0.165.0/encoding/_yaml/dumper/dumper_state.ts": "3c1bc8519c1832f0f136856881b97f0b42f64b7968767dbc36b8b0b6cae963dc",
    "https://deno.land/std@0.165.0/encoding/_yaml/error.ts": "6ca899f6d86c6979bce6d7c3a6a8e2a360b09d8b0f55d2e649bd1233604fb7c9",
    "https://deno.land/std@0.165.0/encoding/_yaml/loader/loader.ts": "db200890459e9490b21d8ce657d9566327e1d1d20ed493393a1f04a51516436c",
    "https://deno.land/std@0.165.0/encoding/_yaml/loader/loader_state.ts": "59124e56d864274ce4043dca8bf63e937c6e960e4ad120465e424b38f3469b2d",
    "https://deno.land/std@0.165.0/encoding/_yaml/mark.ts": "7f67f43755b2602fefe52012eb3ab627880da97edd0f6c00f916ceb2ddb1b5d1",
    "https://deno.land/std@0.165.0/encoding/_yaml/parse.ts": "8f362dc01401099263d73a4bfa00bc90ea456d202507d62a11dfcfeac74484f5",
    "https://deno.land/std@0.165.0/encoding/_yaml/schema.ts": "db295ea6079fce9c38f4ee2ff1233c65db598b35b379551e445b558534b2e1fd",
    "https://deno.land/std@0.165.0/encoding/_yaml/schema/core.ts": "bcb47a389d596369fbfccf73a6b221ac3ca5440149b4f6df1e707f2efc6854ef",
    "https://deno.land/std@0.165.0/encoding/_yaml/schema/default.ts": "8b6bd9cb1cab07a3397e1cc3843edba6ad40d1bd15687c1f56cd977da834d984",
    "https://deno.land/std@0.165.0/encoding/_yaml/schema/extended.ts": "5e0bfd9a28c7a82ba40fc7ff7890df7469ec85390320349974acbc627ae1be88",
    "https://deno.land/std@0.165.0/encoding/_yaml/schema/failsafe.ts": "7254a9ca0dff8f30377098622812e55c4535aaf352fecb4ec51939e596bd74e7",
    "https://deno.land/std@0.165.0/encoding/_yaml/schema/json.ts": "2205d0d3d3377de56f92ac0f4a82bf561ea0d7b86eb195c9f0c32c7c7871d78f",
    "https://deno.land/std@0.165.0/encoding/_yaml/schema/mod.ts": "6769df6082aceee9849f71168f4353ba4f92e4a2a5a429a422debac13a593d4e",
    "https://deno.land/std@0.165.0/encoding/_yaml/state.ts": "374b8dc170417beccb364e543b25eef73576196f4a526836bb3a621b87a204a3",
    "https://deno.land/std@0.165.0/encoding/_yaml/stringify.ts": "ec15035c1928f96f4e42c0a0e9f3082512e294fd6b8ff6a0403a3ee9282f69aa",
    "https://deno.land/std@0.165.0/encoding/_yaml/type.ts": "95ad0cdbab49343b1527ebc7762c477726c34702438375be6781b44e03e9fcfc",
    "https://deno.land/std@0.165.0/encoding/_yaml/type/binary.ts": "8ae1bdeebe090133b1d1e1ef8427d5ea03f8b6f8944bd2eca578c81330700b0a",
    "https://deno.land/std@0.165.0/encoding/_yaml/type/bool.ts": "95c030531adc3d66a59979dc25c2fcdeb1f58ae40a91d6f9e9a537af0fd2b5a4",
    "https://deno.land/std@0.165.0/encoding/_yaml/type/float.ts": "60e26783fd0e4472bd222e028323ff68e0c5ff37a9871298c676335d8574cf87",
    "https://deno.land/std@0.165.0/encoding/_yaml/type/function.ts": "b5642dda5ef8d47c0325a2b89a022cbce3be45ba21f8c4f9202364d967c6b3e5",
    "https://deno.land/std@0.165.0/encoding/_yaml/type/int.ts": "166cdd73d9473373e0e65e9f65d5fd8e96cbd303b58535e2ff2e049bb73dbefb",
    "https://deno.land/std@0.165.0/encoding/_yaml/type/map.ts": "78bf5447d2e3f79d59bf7cb63a76ca7797854a0d8e2154c6fd35775c4e5c8c61",
    "https://deno.land/std@0.165.0/encoding/_yaml/type/merge.ts": "094b272e6087c6aef39cd9617fa6603ec934e507faad6c276d293e2734f9b083",
    "https://deno.land/std@0.165.0/encoding/_yaml/type/mod.ts": "b2f267dc0b0296cf8f6109aa129e2cf6d1e1f8c59f8903f0330c18749eca2d3c",
    "https://deno.land/std@0.165.0/encoding/_yaml/type/nil.ts": "1988843acab56e99e883cd047c40cc7fb799b6d335f541f022ae3b914abcbe35",
    "https://deno.land/std@0.165.0/encoding/_yaml/type/omap.ts": "fd3f2f9a8ae634996da84d021353ac8bf4b41e714f2711159d756d0e2f3aabd1",
    "https://deno.land/std@0.165.0/encoding/_yaml/type/pairs.ts": "90736f87b6e39a144205a235d8851f7bebf6bb3835fd03742c30253d5ecd7ec5",
    "https://deno.land/std@0.165.0/encoding/_yaml/type/regexp.ts": "a9e70491fa7ede8689b933d81142aa7635a253733a4df626bd479c55cb64222e",
    "https://deno.land/std@0.165.0/encoding/_yaml/type/seq.ts": "135f37a1b6dcb3688bc0dad0c9dc3a04370b1fc94267960586ea23877ffd3088",
    "https://deno.land/std@0.165.0/encoding/_yaml/type/set.ts": "2937ac0e1ce8c121a4009e74568e341e2a380fdb5f41f16050ce2ca7537b2bd8",
    "https://deno.land/std@0.165.0/encoding/_yaml/type/str.ts": "6420d3a0099d9fbc35861241b7dad65b800ff3909efe71ab71c895326187ab8d",
    "https://deno.land/std@0.165.0/encoding/_yaml/type/timestamp.ts": "3db0667dd9bdc3b3f0e8596fff023e87bc9fca230a545bb67d0bf3b732c1c656",
    "https://deno.land/std@0.165.0/encoding/_yaml/type/undefined.ts": "5b595082d064cf50a3345f5fdda8c02beb0768e9d97d4bd4c53ac81a9f94e185",
    "https://deno.land/std@0.165.0/encoding/_yaml/utils.ts": "c7e6bf055b08fffe700c7cbdfa2939cab7b9676ff75b6dc98d72d41b3b173d37",
    "https://deno.land/std@0.165.0/encoding/base64.ts": "c57868ca7fa2fbe919f57f88a623ad34e3d970d675bdc1ff3a9d02bba7409db2",
    "https://deno.land/std@0.165.0/encoding/base64url.ts": "a5f82a9fa703bd85a5eb8e7c1296bc6529e601ebd9642cc2b5eaa6b38fa9e05a",
    "https://deno.land/std@0.165.0/encoding/yaml.ts": "4c02197eb797e40dfe0720fbe32a9990c935f02cf75b6091b36c0710c3218cf6",
    "https://deno.land/std@0.165.0/flags/mod.ts": "3b459daf581e047819b6b799c92b96c81b4eecbd5ea025643d54dc0abc6ac923",
    "https://deno.land/std@0.165.0/fs/_util.ts": "fdc156f897197f261a1c096dcf8ff9267ed0ff42bd5b31f55053a4763a4bae3b",
    "https://deno.land/std@0.165.0/fs/copy.ts": "37ad2d3390a672a34baf7d16a8623238906a1ee9b2c5fffc8efaa97810f4e6a9",
    "https://deno.land/std@0.165.0/fs/empty_dir.ts": "c15a0aaaf40f8c21cca902aa1e01a789ad0c2fd1b7e2eecf4957053c5dbf707f",
    "https://deno.land/std@0.165.0/fs/ensure_dir.ts": "76395fc1c989ca8d2de3aedfa8240eb8f5225cde20f926de957995b063135b80",
    "https://deno.land/std@0.165.0/fs/ensure_file.ts": "b8e32ea63aa21221d0219760ba3f741f682d7f7d68d0d24a3ec067c338568152",
    "https://deno.land/std@0.165.0/fs/ensure_link.ts": "5cc1c04f18487d7d1edf4c5469705f30b61390ffd24ad7db6df85e7209b32bb2",
    "https://deno.land/std@0.165.0/fs/ensure_symlink.ts": "5273557b8c50be69477aa9cb003b54ff2240a336db52a40851c97abce76b96ab",
    "https://deno.land/std@0.165.0/fs/eol.ts": "65b1e27320c3eec6fb653b27e20056ee3d015d3e91db388cfefa41616ebc7cb3",
    "https://deno.land/std@0.165.0/fs/exists.ts": "6a447912e49eb79cc640adacfbf4b0baf8e17ede6d5bed057062ce33c4fa0d68",
    "https://deno.land/std@0.165.0/fs/expand_glob.ts": "d08678afa768881b055bdfb5cebe4f089f8db4513a4d2b0bbe748f5870d77ce3",
    "https://deno.land/std@0.165.0/fs/mod.ts": "354a6f972ef4e00c4dd1f1339a8828ef0764c1c23d3c0010af3fcc025d8655b0",
    "https://deno.land/std@0.165.0/fs/move.ts": "6d7fa9da60dbc7a32dd7fdbc2ff812b745861213c8e92ba96dace0669b0c378c",
    "https://deno.land/std@0.165.0/fs/walk.ts": "0a754cc4696a15bdb175380a4b7deff3eb65be9768cb11d91a4138beee35c2d7",
    "https://deno.land/std@0.165.0/io/buffer.ts": "245f1762a949082ddc0a6e9b15589d0be2d29c150266decd04320b8a8318f9f6",
    "https://deno.land/std@0.165.0/io/types.d.ts": "107e1e64834c5ba917c783f446b407d33432c5d612c4b3430df64fc2b4ecf091",
    "https://deno.land/std@0.165.0/node/_core.ts": "cd45c0cfa412ff57762b600710574a46f923dfa372003d9dfe52304000393b9b",
    "https://deno.land/std@0.165.0/node/_events.d.ts": "3899ee9c37055fbb750e32cb43d7c435077c04446af948300080e1a590c6edf0",
    "https://deno.land/std@0.165.0/node/_events.mjs": "303e8aa60ace559e4ca0d19e8475f87311bee9e8330b4b497644d70f2002fc27",
    "https://deno.land/std@0.165.0/node/_global.d.ts": "6dadaf8cec2a0c506b22170617286e0bdc80be53dd0673e67fc7dd37a1130c68",
    "https://deno.land/std@0.165.0/node/_next_tick.ts": "81c1826675493b76f90c646fb1274a4c84b5cc913a80ca4526c32cd7c46a0b06",
    "https://deno.land/std@0.165.0/node/_process/exiting.ts": "bc9694769139ffc596f962087155a8bfef10101d03423b9dcbc51ce6e1f88fce",
    "https://deno.land/std@0.165.0/node/_process/process.ts": "d5bf113a4b62f4abe4cb7ec5a9d00d44dac0ad9e82a23d00cc27d71e05ae8b66",
    "https://deno.land/std@0.165.0/node/_process/stdio.mjs": "971c3b086040d8521562155db13f22f9971d5c42c852b2081d4d2f0d8b6ab6bd",
    "https://deno.land/std@0.165.0/node/_process/streams.mjs": "3ce63d9eb24a8a8ec45eeebf5c184b43d888064f663f87e8f453888368e00f90",
    "https://deno.land/std@0.165.0/node/_stream.d.ts": "83e9da2f81de3205926f1e86ba54442aa5a3caf4c5e84a4c8699402ad340142b",
    "https://deno.land/std@0.165.0/node/_stream.mjs": "9a80217d9734f6e4284aae0ea55dd82b243f5517bc1814e983ad41b01732f712",
    "https://deno.land/std@0.165.0/node/_utils.ts": "1085a229e910b3a6672f3c3be05507591811dc67be2ae2188e9fc9ef4376b172",
    "https://deno.land/std@0.165.0/node/buffer.ts": "43f07b2d1523345bf35b7deb7fcdad6e916020a631a7bc1b5efcaff556db4e1d",
    "https://deno.land/std@0.165.0/node/events.ts": "f848398d3591534ca94ac6b852a9f3c4dbb2da310c3a26059cf4ff06b7eae088",
    "https://deno.land/std@0.165.0/node/internal/buffer.d.ts": "90f674081428a61978b6d481c5f557ff743a3f4a85d7ae113caab48fdf5b8a63",
    "https://deno.land/std@0.165.0/node/internal/buffer.mjs": "70b74b34f1617b3492aee6dec35c7bdabbf26e034bfcf640aa61b3d63c5c850f",
    "https://deno.land/std@0.165.0/node/internal/crypto/_keys.ts": "63229ff3d8d15b5bd0a1d2ebc19313cbb8ac969875bf16df1ce4f2b497d74fb5",
    "https://deno.land/std@0.165.0/node/internal/crypto/constants.ts": "d2c8821977aef55e4d66414d623c24a2447791a8b49b6404b8db32d81e20c315",
    "https://deno.land/std@0.165.0/node/internal/error_codes.ts": "ac03c4eae33de3a69d6c98e8678003207eecf75a6900eb847e3fea3c8c9e6d8f",
    "https://deno.land/std@0.165.0/node/internal/errors.ts": "b9aec7d1fe3eaf21322d0ea9dc2fcb344055d6b0c7a1bd0f62a0c379a5baa799",
    "https://deno.land/std@0.165.0/node/internal/fixed_queue.ts": "455b3c484de48e810b13bdf95cd1658ecb1ba6bcb8b9315ffe994efcde3ba5f5",
    "https://deno.land/std@0.165.0/node/internal/hide_stack_frames.ts": "a91962ec84610bc7ec86022c4593cdf688156a5910c07b5bcd71994225c13a03",
    "https://deno.land/std@0.165.0/node/internal/net.ts": "1239886cd2508a68624c2dae8abf895e8aa3bb15a748955349f9ac5539032238",
    "https://deno.land/std@0.165.0/node/internal/normalize_encoding.mjs": "3779ec8a7adf5d963b0224f9b85d1bc974a2ec2db0e858396b5d3c2c92138a0a",
    "https://deno.land/std@0.165.0/node/internal/options.ts": "a23c285975e058cb26a19abcb048cd8b46ab12d21cfb028868ac8003fffb43ac",
    "https://deno.land/std@0.165.0/node/internal/primordials.mjs": "7cf5afe471583e4a384eeea109bdff276b6b7f3a3af830f99f951fb7d57ef423",
    "https://deno.land/std@0.165.0/node/internal/process/per_thread.mjs": "bc1be72a6a662bf81573c20fe74893374847a7302065ddf52fb3fb2af505f31f",
    "https://deno.land/std@0.165.0/node/internal/readline/callbacks.mjs": "17d9270a54fb5dceea8f894669e3401e5c6260bab075a1e9675a62f1fef50d8c",
    "https://deno.land/std@0.165.0/node/internal/readline/utils.mjs": "a93ebb99f85e0dbb4f05f4aff5583d12a15150e45c335e4ecf925e1879dc9c84",
    "https://deno.land/std@0.165.0/node/internal/streams/destroy.mjs": "9c9bbeb172a437041d529829f433df72cf0b63ae49f3ee6080a55ffbef7572ad",
    "https://deno.land/std@0.165.0/node/internal/streams/end-of-stream.mjs": "38be76eaceac231dfde643e72bc0940625446bf6d1dbd995c91c5ba9fd59b338",
    "https://deno.land/std@0.165.0/node/internal/streams/utils.mjs": "a0a6b93a7e68ef52bef4ed00b0c82bb7e335abf360af57335b07c6a3fcdde717",
    "https://deno.land/std@0.165.0/node/internal/util.mjs": "35d24fb775468cd24443bcf0ec68904b8aa44e5b53845491a5e3382421917f9a",
    "https://deno.land/std@0.165.0/node/internal/util/inspect.mjs": "1ddace0c97719d2cc0869ba177d375e96051301352ec235cbfb2ecbfcd4e8fba",
    "https://deno.land/std@0.165.0/node/internal/util/types.ts": "de6e2b7f9b9985ab881b1e78f05ae51d1fc829ae1584063df21e57b35312f3c4",
    "https://deno.land/std@0.165.0/node/internal/validators.mjs": "67deae0f488d013c8bf485742a5478112b8e48837cb2458c4a8b2669cf7017db",
    "https://deno.land/std@0.165.0/node/internal_binding/_libuv_winerror.ts": "801e05c2742ae6cd42a5f0fd555a255a7308a65732551e962e5345f55eedc519",
    "https://deno.land/std@0.165.0/node/internal_binding/_listen.ts": "c15a356ef4758770fc72d3ca4db33f0cc321016df1aafb927c027c0d73ac2c42",
    "https://deno.land/std@0.165.0/node/internal_binding/_node.ts": "e4075ba8a37aef4eb5b592c8e3807c39cb49ca8653faf8e01a43421938076c1b",
    "https://deno.land/std@0.165.0/node/internal_binding/_timingSafeEqual.ts": "80640f055101071cb3680a2d8a1fead5fd260ca8bf183efb94296b69463e06cd",
    "https://deno.land/std@0.165.0/node/internal_binding/_utils.ts": "1c50883b5751a9ea1b38951e62ed63bacfdc9d69ea665292edfa28e1b1c5bd94",
    "https://deno.land/std@0.165.0/node/internal_binding/_winerror.ts": "8811d4be66f918c165370b619259c1f35e8c3e458b8539db64c704fbde0a7cd2",
    "https://deno.land/std@0.165.0/node/internal_binding/ares.ts": "33ff8275bc11751219af8bd149ea221c442d7e8676e3e9f20ccb0e1f0aac61b8",
    "https://deno.land/std@0.165.0/node/internal_binding/async_wrap.ts": "b83e4021a4854b2e13720f96d21edc11f9905251c64c1bc625a361f574400959",
    "https://deno.land/std@0.165.0/node/internal_binding/buffer.ts": "781e1d13adc924864e6e37ecb5152e8a4e994cf394695136e451c47f00bda76c",
    "https://deno.land/std@0.165.0/node/internal_binding/cares_wrap.ts": "720e6d5cff7018bb3d00e1a49dd4c31f0fc6af3a593ab68cd39e3592ed163d61",
    "https://deno.land/std@0.165.0/node/internal_binding/config.ts": "e292217d048a33573966b7d25352828d3282921fbcadce8735a20fb3da370cc4",
    "https://deno.land/std@0.165.0/node/internal_binding/connection_wrap.ts": "9debd4210d29c658054476fcb640c900725f564ef35412c56dc79eb07213a7c1",
    "https://deno.land/std@0.165.0/node/internal_binding/constants.ts": "f4afc504137fb21f3908ab549931604968dfa62432b285a0874f41c4cade9ed2",
    "https://deno.land/std@0.165.0/node/internal_binding/contextify.ts": "e292217d048a33573966b7d25352828d3282921fbcadce8735a20fb3da370cc4",
    "https://deno.land/std@0.165.0/node/internal_binding/credentials.ts": "e292217d048a33573966b7d25352828d3282921fbcadce8735a20fb3da370cc4",
    "https://deno.land/std@0.165.0/node/internal_binding/crypto.ts": "d7f39700dc020364edf7f4785e5026bb91f099ce1bd02734182451b1af300c8c",
    "https://deno.land/std@0.165.0/node/internal_binding/errors.ts": "e292217d048a33573966b7d25352828d3282921fbcadce8735a20fb3da370cc4",
    "https://deno.land/std@0.165.0/node/internal_binding/fs.ts": "e292217d048a33573966b7d25352828d3282921fbcadce8735a20fb3da370cc4",
    "https://deno.land/std@0.165.0/node/internal_binding/fs_dir.ts": "e292217d048a33573966b7d25352828d3282921fbcadce8735a20fb3da370cc4",
    "https://deno.land/std@0.165.0/node/internal_binding/fs_event_wrap.ts": "e292217d048a33573966b7d25352828d3282921fbcadce8735a20fb3da370cc4",
    "https://deno.land/std@0.165.0/node/internal_binding/handle_wrap.ts": "71c451060c9f555066d3ebe80de039a4e493a94b76c664450fbefd8f4167eb7e",
    "https://deno.land/std@0.165.0/node/internal_binding/heap_utils.ts": "e292217d048a33573966b7d25352828d3282921fbcadce8735a20fb3da370cc4",
    "https://deno.land/std@0.165.0/node/internal_binding/http_parser.ts": "e292217d048a33573966b7d25352828d3282921fbcadce8735a20fb3da370cc4",
    "https://deno.land/std@0.165.0/node/internal_binding/icu.ts": "e292217d048a33573966b7d25352828d3282921fbcadce8735a20fb3da370cc4",
    "https://deno.land/std@0.165.0/node/internal_binding/inspector.ts": "e292217d048a33573966b7d25352828d3282921fbcadce8735a20fb3da370cc4",
    "https://deno.land/std@0.165.0/node/internal_binding/js_stream.ts": "e292217d048a33573966b7d25352828d3282921fbcadce8735a20fb3da370cc4",
    "https://deno.land/std@0.165.0/node/internal_binding/messaging.ts": "e292217d048a33573966b7d25352828d3282921fbcadce8735a20fb3da370cc4",
    "https://deno.land/std@0.165.0/node/internal_binding/mod.ts": "f68e74e8eed84eaa6b0de24f0f4c47735ed46866d7ee1c5a5e7c0667b4f0540f",
    "https://deno.land/std@0.165.0/node/internal_binding/module_wrap.ts": "e292217d048a33573966b7d25352828d3282921fbcadce8735a20fb3da370cc4",
    "https://deno.land/std@0.165.0/node/internal_binding/native_module.ts": "e292217d048a33573966b7d25352828d3282921fbcadce8735a20fb3da370cc4",
    "https://deno.land/std@0.165.0/node/internal_binding/natives.ts": "e292217d048a33573966b7d25352828d3282921fbcadce8735a20fb3da370cc4",
    "https://deno.land/std@0.165.0/node/internal_binding/node_file.ts": "37d6864897547d95ca24e0f5d01035915db0065bff128bc22191bc93f9ad59ad",
    "https://deno.land/std@0.165.0/node/internal_binding/node_options.ts": "b098e6a1c80fa5003a1669c6828539167ab19337e13d20a47b610144cb888cef",
    "https://deno.land/std@0.165.0/node/internal_binding/options.ts": "e292217d048a33573966b7d25352828d3282921fbcadce8735a20fb3da370cc4",
    "https://deno.land/std@0.165.0/node/internal_binding/os.ts": "e292217d048a33573966b7d25352828d3282921fbcadce8735a20fb3da370cc4",
    "https://deno.land/std@0.165.0/node/internal_binding/performance.ts": "e292217d048a33573966b7d25352828d3282921fbcadce8735a20fb3da370cc4",
    "https://deno.land/std@0.165.0/node/internal_binding/pipe_wrap.ts": "105c73f268cb9ca1c6cebaf4bea089ab12e0c21c8c4e10bb0a14b0abd3e1661e",
    "https://deno.land/std@0.165.0/node/internal_binding/process_methods.ts": "e292217d048a33573966b7d25352828d3282921fbcadce8735a20fb3da370cc4",
    "https://deno.land/std@0.165.0/node/internal_binding/report.ts": "e292217d048a33573966b7d25352828d3282921fbcadce8735a20fb3da370cc4",
    "https://deno.land/std@0.165.0/node/internal_binding/serdes.ts": "e292217d048a33573966b7d25352828d3282921fbcadce8735a20fb3da370cc4",
    "https://deno.land/std@0.165.0/node/internal_binding/signal_wrap.ts": "e292217d048a33573966b7d25352828d3282921fbcadce8735a20fb3da370cc4",
    "https://deno.land/std@0.165.0/node/internal_binding/spawn_sync.ts": "e292217d048a33573966b7d25352828d3282921fbcadce8735a20fb3da370cc4",
    "https://deno.land/std@0.165.0/node/internal_binding/stream_wrap.ts": "ecbd50a6c6ff7f6fea9bdfdc7b3977637cd854814c812b59296458ca2f0fc209",
    "https://deno.land/std@0.165.0/node/internal_binding/string_decoder.ts": "5cb1863763d1e9b458bc21d6f976f16d9c18b3b3f57eaf0ade120aee38fba227",
    "https://deno.land/std@0.165.0/node/internal_binding/symbols.ts": "51cfca9bb6132d42071d4e9e6b68a340a7f274041cfcba3ad02900886e972a6c",
    "https://deno.land/std@0.165.0/node/internal_binding/task_queue.ts": "e292217d048a33573966b7d25352828d3282921fbcadce8735a20fb3da370cc4",
    "https://deno.land/std@0.165.0/node/internal_binding/tcp_wrap.ts": "4217fa10072e048a26f26e5f548b3f38422452c9956265592cac57379a610acb",
    "https://deno.land/std@0.165.0/node/internal_binding/timers.ts": "e292217d048a33573966b7d25352828d3282921fbcadce8735a20fb3da370cc4",
    "https://deno.land/std@0.165.0/node/internal_binding/tls_wrap.ts": "e292217d048a33573966b7d25352828d3282921fbcadce8735a20fb3da370cc4",
    "https://deno.land/std@0.165.0/node/internal_binding/trace_events.ts": "e292217d048a33573966b7d25352828d3282921fbcadce8735a20fb3da370cc4",
    "https://deno.land/std@0.165.0/node/internal_binding/tty_wrap.ts": "e292217d048a33573966b7d25352828d3282921fbcadce8735a20fb3da370cc4",
    "https://deno.land/std@0.165.0/node/internal_binding/types.ts": "4c26fb74ba2e45de553c15014c916df6789529a93171e450d5afb016b4c765e7",
    "https://deno.land/std@0.165.0/node/internal_binding/udp_wrap.ts": "cdd0882eff7e7db631d808608d20f5d1269b40fbcedd4a0972d6ed616a855c79",
    "https://deno.land/std@0.165.0/node/internal_binding/url.ts": "e292217d048a33573966b7d25352828d3282921fbcadce8735a20fb3da370cc4",
    "https://deno.land/std@0.165.0/node/internal_binding/util.ts": "faf5146c3cc3b2d6c26026a818b4a16e91488ab26e63c069f36ba3c3ae24c97b",
    "https://deno.land/std@0.165.0/node/internal_binding/uv.ts": "3a63eebe0b69334bab5e9f037aadde1aef59ab21ab0e4cd01ac588d919be2c75",
    "https://deno.land/std@0.165.0/node/internal_binding/v8.ts": "e292217d048a33573966b7d25352828d3282921fbcadce8735a20fb3da370cc4",
    "https://deno.land/std@0.165.0/node/internal_binding/worker.ts": "e292217d048a33573966b7d25352828d3282921fbcadce8735a20fb3da370cc4",
    "https://deno.land/std@0.165.0/node/internal_binding/zlib.ts": "e292217d048a33573966b7d25352828d3282921fbcadce8735a20fb3da370cc4",
    "https://deno.land/std@0.165.0/node/process.ts": "7180a9e7022d62481daf6fac855f440882137046ef6941f659e8d40c077186be",
    "https://deno.land/std@0.165.0/node/stream.ts": "2c6d5d207d0ad295f396b34fd03a908c1638beb1754bc9c1fccd9a4cdcace8be",
    "https://deno.land/std@0.165.0/node/string_decoder.ts": "39b3846318f3a60cee417673dab0252a6f400af2e0f2a481bb6d74c00524b597",
    "https://deno.land/std@0.165.0/path/_constants.ts": "df1db3ffa6dd6d1252cc9617e5d72165cd2483df90e93833e13580687b6083c3",
    "https://deno.land/std@0.165.0/path/_interface.ts": "ee3b431a336b80cf445441109d089b70d87d5e248f4f90ff906820889ecf8d09",
    "https://deno.land/std@0.165.0/path/_util.ts": "d16be2a16e1204b65f9d0dfc54a9bc472cafe5f4a190b3c8471ec2016ccd1677",
    "https://deno.land/std@0.165.0/path/common.ts": "bee563630abd2d97f99d83c96c2fa0cca7cee103e8cb4e7699ec4d5db7bd2633",
    "https://deno.land/std@0.165.0/path/glob.ts": "cb5255638de1048973c3e69e420c77dc04f75755524cb3b2e160fe9277d939ee",
    "https://deno.land/std@0.165.0/path/mod.ts": "56fec03ad0ebd61b6ab39ddb9b0ddb4c4a5c9f2f4f632e09dd37ec9ebfd722ac",
    "https://deno.land/std@0.165.0/path/posix.ts": "6b63de7097e68c8663c84ccedc0fd977656eb134432d818ecd3a4e122638ac24",
    "https://deno.land/std@0.165.0/path/separator.ts": "fe1816cb765a8068afb3e8f13ad272351c85cbc739af56dacfc7d93d710fe0f9",
    "https://deno.land/std@0.165.0/path/win32.ts": "7cebd2bda6657371adc00061a1d23fdd87bcdf64b4843bb148b0b24c11b40f69",
    "https://deno.land/std@0.165.0/streams/conversion.ts": "555c6c249f3acf85655f2d0af52d1cb3168e40b1c1fa26beefea501b333abe28",
    "https://deno.land/x/cache_dir@0.2.0/mod.ts": "89ac1bc4d8f1c52fde192e0470d0597fa156ecf2b53d7fe162a11fd365c79920",
    "https://deno.land/x/denoflate@1.2.1/mod.ts": "f5628e44b80b3d80ed525afa2ba0f12408e3849db817d47a883b801f9ce69dd6",
    "https://deno.land/x/denoflate@1.2.1/pkg/denoflate.js": "b9f9ad9457d3f12f28b1fb35c555f57443427f74decb403113d67364e4f2caf4",
    "https://deno.land/x/denoflate@1.2.1/pkg/denoflate_bg.wasm.js": "d581956245407a2115a3d7e8d85a9641c032940a8e810acbd59ca86afd34d44d",
    "https://deno.land/x/esbuild@v0.14.54/mod.d.ts": "466c89257fb35dcf74a146ec60d50d5d7ce522326850d60a149ac0173ee12cd8",
    "https://deno.land/x/esbuild@v0.14.54/mod.js": "987cf7373bcaea3cee6ab4ee41ea2d1e9a446fcdea8b1fbbf3f513842e0b693e",
    "https://deno.land/x/esbuild@v0.14.54/wasm.d.ts": "466c89257fb35dcf74a146ec60d50d5d7ce522326850d60a149ac0173ee12cd8",
    "https://deno.land/x/esbuild@v0.14.54/wasm.js": "e3359bb185d596d8ec882c45f54671487c23b175f49232110db244b1fe438283",
    "https://deno.land/x/importmap@0.2.1/_util.ts": "ada9a9618b537e6c0316c048a898352396c882b9f2de38aba18fd3f2950ede89",
    "https://deno.land/x/importmap@0.2.1/mod.ts": "ae3d1cd7eabd18c01a4960d57db471126b020f23b37ef14e1359bbb949227ade",
    "https://deno.land/x/mimetypes@v1.0.0/mod.ts": "abd1ea614b32cfa7fd50b46f6e070617696664698b8a34935dc807f3035ad408",
    "https://deno.land/x/mimetypes@v1.0.0/src/mime.ts": "7cd7590eae6127dc1abfe710900fc749e94d5c715ffe8a148e59fe20ee21a9a5",
    "https://deno.land/x/silverbullet@0.2.1/common/deps.ts": "fcf3c2b64ab161fae77221238ef742533ac2590eb15fff6ca894b165fd66336c",
    "https://deno.land/x/silverbullet@0.2.1/plugos/asset_bundle/base64.ts": "85761b602c5319ca31f16a73548c29ab5bf2a9ccacd615158247352785994180",
    "https://deno.land/x/silverbullet@0.2.1/plugos/asset_bundle/builder.ts": "18c815119cf53d8b0ec83c74bbba1bcd3f973a54c9991d001986399ced454183",
    "https://deno.land/x/silverbullet@0.2.1/plugos/asset_bundle/bundle.ts": "8771a1b447ffb7cfc0b18fcb65c17080929a09373bec6b0c52381e46ec4132b7",
    "https://deno.land/x/silverbullet@0.2.1/plugos/bin/plugos-bundle.ts": "26d797adb9835c793c70ab18a82a4be357484edb648b69fe943df39a999530cf",
    "https://deno.land/x/silverbullet@0.2.1/plugos/compile.ts": "85a19e5bcb1bf3540428471c6516ad80e65d954d9ce2dbb8f646e9e544fe7603",
    "https://deno.land/x/silverbullet@0.2.1/plugos/deps.ts": "e4520e9bb1c4bb67f63bbfec43da44b3505026d0c40e2e1d7f12275dff1785d3",
    "https://deno.land/x/silverbullet@0.2.1/plugos/environments/custom_logger.ts": "67d0599fc18b43dacd835edb077172ed7fdd2dd522a0668df15e2b1e1e4f3c75",
    "https://deno.land/x/silverbullet@0.2.1/plugos/environments/worker.ts": "a4aca6181c185f842bf44fbea9a7ecfb3bb846006a51e4582785588d82bb072f",
    "https://deno.land/x/silverbullet@0.2.1/plugos/event.ts": "da055088f3d1d93f31aadd7e16a97061033fdba5807609f3838280352dbbc15e",
    "https://deno.land/x/silverbullet@0.2.1/plugos/forked/esbuild_deno_loader/deps.ts": "cd1e1a46df2c6d9569a2132a57aa078e51998e2d414ecf3a98e60eae6c2419d1",
    "https://deno.land/x/silverbullet@0.2.1/plugos/forked/esbuild_deno_loader/mod.ts": "90663b40173d2e7f58abc5779d80f2a107d73072f35c506550a103f7620aff97",
    "https://deno.land/x/silverbullet@0.2.1/plugos/forked/esbuild_deno_loader/src/deno.ts": "0e83ccabbe2b004389288e38df2031b79eb347df2d139fce9394d8e88a11f259",
    "https://deno.land/x/silverbullet@0.2.1/plugos/forked/esbuild_deno_loader/src/native_loader.ts": "343854a566cf510cf25144f7c09fc0c1097780a31830305142a075d12bb697ba",
    "https://deno.land/x/silverbullet@0.2.1/plugos/forked/esbuild_deno_loader/src/portable_loader.ts": "35b6c526eed8c2c781a3256b23c30aa7cce69c0ef1d583c15528663287ba18a3",
    "https://deno.land/x/silverbullet@0.2.1/plugos/forked/esbuild_deno_loader/src/shared.ts": "b64749cd8c0f6252a11498bd8758ef1220003e46b2c9b68e16da63fd7e92b13a",
    "https://deno.land/x/silverbullet@0.2.1/plugos/hack.ts": "7874a07395c9dd5820943c3e4777e25fdc77384c82e258d351e2faf63c25e327",
    "https://deno.land/x/silverbullet@0.2.1/plugos/plug.ts": "3c91450e92ea2c4d0cbb83bd52ac0f88f1d3d4578d4b0861d628cf83b99f3cea",
    "https://deno.land/x/silverbullet@0.2.1/plugos/sandbox.ts": "b1fa29cd6cb72e961843ba40c3b45fb9a935d4b2463c792ce2a88bb9d60a3726",
    "https://deno.land/x/silverbullet@0.2.1/plugos/system.ts": "6a30510265022e9d30ed37ed9344472b7eeeea28f6acb456a2cd52ef29df116e",
    "https://deno.land/x/silverbullet@0.2.1/plugos/types.ts": "777ada52bed204c8d3ef4e95e1e8f19f5deb8b78edcbaeae14cebd1492c10c70",
    "https://esm.sh/@codemirror/autocomplete@6.3.0?external=@codemirror/state,@codemirror/commands,@lezer/common,@codemirror/view": "bf409ee3f5c0e9da0b138184ba235819d0768b5c3a2201d8c37ff6c5c719e4b4",
    "https://esm.sh/@codemirror/commands@6.1.2?external=@codemirror/state,@codemirror/view": "575f68a0edc85b75263426b06785fa5f0f01d68832645fff4f4087d064dc4c32",
    "https://esm.sh/@codemirror/lang-javascript@6.1.1?external=@codemirror/language,@codemirror/autocomplete,@codemirror/view,@codemirror/state,@codemirror/lint,@lezer/common,@lezer/lr,@lezer/javascript,@codemirror/commands": "31359d3314af3c19cacbcee51280fbccf53447ccc4b0c8aa396e3c30e8876b49",
    "https://esm.sh/@codemirror/lang-markdown@6.0.4?external=@codemirror/state,@lezer/common,@codemirror/language,@lezer/markdown,@codemirror/view,@lezer/highlight": "ba50afdf13b0f878e7e0372d7022b46704b4942ce0c5fe9da7e24a761a5c892e",
    "https://esm.sh/@codemirror/language@6.3.0?external=@codemirror/state,@lezer/common,@lezer/lr,@codemirror/view,@lezer/highlight": "68aa67247b54ca2fc3ab64af143c05a5ed13ade1b3aef6d103d3bb0477e5ddf4",
    "https://esm.sh/@codemirror/legacy-modes@6.2.0/mode/yaml?external=@codemirror/language": "1d3b5f534e8c03764b1e061b966493ff2692bbb06a5b6550179c89335a8014b4",
    "https://esm.sh/@codemirror/lint@6.0.0?external=@codemirror/state,@lezer/common": "a4d13f200f35aa25ed0e9b61fbc02de8e5bd24f535ac3663be164cc737b70139",
    "https://esm.sh/@codemirror/search@6.2.2?external=@codemirror/state,@codemirror/view": "d70b059c2f72aeb4f89d7552386093da45f65d23b0c73fe7c3e9bdf95a1550cf",
    "https://esm.sh/@codemirror/state@6.1.2": "6561294bd661efea5fda21efb8fa45cabb893c02070199c11630ec2d214429cf",
    "https://esm.sh/@codemirror/view@6.4.1?external=@codemirror/state,@lezer/common": "14b3bf7aa9f40e5463e64da5fad88099a8dbf351af2d43fee0f73e7f28c3ca66",
    "https://esm.sh/@lezer/common@1.0.1": "edaab3f85815e1847b9e249f6bd3bd4c4d2839bbbc21392461a562e9fbb9ad1a",
    "https://esm.sh/@lezer/highlight@1.1.1?external=@lezer/common": "08c4c31547b358625aa492e249db838a1b834aff614d514b3d30aff58b4591b9",
    "https://esm.sh/@lezer/javascript@1.0.2?external=@lezer/common,@codemirror/language,@lezer/highlight": "499c187e4095fe2014c9270c97234cbb429fef22af1eff718a643e3f1488b559",
    "https://esm.sh/@lezer/lr@1.2.5": "7d794caa3d378b2ee427cfa9aa51aa1a4405ef47c499993c6be1fa2d746644ba",
    "https://esm.sh/@lezer/markdown@1.0.2?external=@lezer/common,@codemirror/language,@lezer/highlight": "fc5e398c3c2aef1a0c0324158d69425e3fcf23f0fa67256e10c425583e772ec1",
    "https://esm.sh/v99/@codemirror/autocomplete@6.3.0/X-ZS9AY29kZW1pcnJvci9jb21tYW5kcyxAY29kZW1pcnJvci9zdGF0ZSxAY29kZW1pcnJvci92aWV3LEBsZXplci9jb21tb24/deno/autocomplete.js": "fb0a101586f08f23dae4aed30bbb9e1a2bed28eb20d1279ea8ba85a8bc30fd32",
    "https://esm.sh/v99/@codemirror/autocomplete@6.3.0/X-ZS9AY29kZW1pcnJvci9jb21tYW5kcyxAY29kZW1pcnJvci9zdGF0ZSxAY29kZW1pcnJvci92aWV3LEBsZXplci9jb21tb24/dist/index.d.ts": "99a1a70cba493c44f4c23feb3ac101f85cff69a6c067b5769bf3e686d95d3cee",
    "https://esm.sh/v99/@codemirror/autocomplete@6.3.3/X-ZS9AY29kZW1pcnJvci9sYW5ndWFnZSxAY29kZW1pcnJvci9zdGF0ZSxAY29kZW1pcnJvci92aWV3LEBsZXplci9jb21tb24sQGxlemVyL2hpZ2hsaWdodCxAbGV6ZXIvbWFya2Rvd24/deno/autocomplete.js": "ef812fcb3e15fb4a57a88ea289e45ca6da5ae605866731a3d529e86363b65752",
    "https://esm.sh/v99/@codemirror/commands@6.1.2/X-ZS9AY29kZW1pcnJvci9zdGF0ZSxAY29kZW1pcnJvci92aWV3/deno/commands.js": "79b5eb2a345e2292dd65e96b79b78d18bd59e5efa1f8c98156017d454094fc69",
    "https://esm.sh/v99/@codemirror/commands@6.1.2/X-ZS9AY29kZW1pcnJvci9zdGF0ZSxAY29kZW1pcnJvci92aWV3/dist/index.d.ts": "224562e10e8e962c4f2c0c20fb09588896b301662107422511a8c365d0132d8b",
    "https://esm.sh/v99/@codemirror/lang-css@6.0.1/X-ZS9AY29kZW1pcnJvci9sYW5ndWFnZSxAY29kZW1pcnJvci9zdGF0ZSxAY29kZW1pcnJvci92aWV3LEBsZXplci9jb21tb24sQGxlemVyL2hpZ2hsaWdodCxAbGV6ZXIvbWFya2Rvd24/deno/lang-css.js": "1b418ad0818ee752ca9ba9eafcce7d8d79fde9c5c998e138a0b47d47dd01f792",
    "https://esm.sh/v99/@codemirror/lang-html@6.2.0/X-ZS9AY29kZW1pcnJvci9sYW5ndWFnZSxAY29kZW1pcnJvci9zdGF0ZSxAY29kZW1pcnJvci92aWV3LEBsZXplci9jb21tb24sQGxlemVyL2hpZ2hsaWdodCxAbGV6ZXIvbWFya2Rvd24/deno/lang-html.js": "c187582a42ba831f36951f9d3d173297e8a70a1839017220ebc6ebd6f24b0449",
    "https://esm.sh/v99/@codemirror/lang-javascript@6.1.1/X-ZS9AY29kZW1pcnJvci9hdXRvY29tcGxldGUsQGNvZGVtaXJyb3IvY29tbWFuZHMsQGNvZGVtaXJyb3IvbGFuZ3VhZ2UsQGNvZGVtaXJyb3IvbGludCxAY29kZW1pcnJvci9zdGF0ZSxAY29kZW1pcnJvci92aWV3LEBsZXplci9jb21tb24sQGxlemVyL2phdmFzY3JpcHQsQGxlemVyL2xy/deno/lang-javascript.js": "700b096f79a0a7146da1c80e2b53abd74374181f411ffb32c03b5319f07c7569",
    "https://esm.sh/v99/@codemirror/lang-javascript@6.1.1/X-ZS9AY29kZW1pcnJvci9hdXRvY29tcGxldGUsQGNvZGVtaXJyb3IvY29tbWFuZHMsQGNvZGVtaXJyb3IvbGFuZ3VhZ2UsQGNvZGVtaXJyb3IvbGludCxAY29kZW1pcnJvci9zdGF0ZSxAY29kZW1pcnJvci92aWV3LEBsZXplci9jb21tb24sQGxlemVyL2phdmFzY3JpcHQsQGxlemVyL2xy/dist/index.d.ts": "b84ded9b43f69595eb9e3a011a027a102991212733f6cf7fcc7bbc28cc01e323",
    "https://esm.sh/v99/@codemirror/lang-javascript@6.1.1/X-ZS9AY29kZW1pcnJvci9sYW5ndWFnZSxAY29kZW1pcnJvci9zdGF0ZSxAY29kZW1pcnJvci92aWV3LEBsZXplci9jb21tb24sQGxlemVyL2hpZ2hsaWdodCxAbGV6ZXIvbWFya2Rvd24/deno/lang-javascript.js": "08917bbc976d34aa2b15a1b41833f1c1aadf74266df9b9efade9749d38301de6",
    "https://esm.sh/v99/@codemirror/lang-markdown@6.0.4/X-ZS9AY29kZW1pcnJvci9sYW5ndWFnZSxAY29kZW1pcnJvci9zdGF0ZSxAY29kZW1pcnJvci92aWV3LEBsZXplci9jb21tb24sQGxlemVyL2hpZ2hsaWdodCxAbGV6ZXIvbWFya2Rvd24/deno/lang-markdown.js": "a42486884dbe8f74a496352665b6f92f3264c741663c743db67106fd001d4185",
    "https://esm.sh/v99/@codemirror/lang-markdown@6.0.4/X-ZS9AY29kZW1pcnJvci9sYW5ndWFnZSxAY29kZW1pcnJvci9zdGF0ZSxAY29kZW1pcnJvci92aWV3LEBsZXplci9jb21tb24sQGxlemVyL2hpZ2hsaWdodCxAbGV6ZXIvbWFya2Rvd24/dist/index.d.ts": "e5ce150958522018b352ce8727fd4aae344a3e8bfd5fe3898f1c3a5ca5d0f36f",
    "https://esm.sh/v99/@codemirror/language@6.3.0/X-ZS9AY29kZW1pcnJvci9zdGF0ZSxAY29kZW1pcnJvci92aWV3LEBsZXplci9jb21tb24sQGxlemVyL2hpZ2hsaWdodCxAbGV6ZXIvbHI/deno/language.js": "620a03eec3e5a302d894eaf59120d34f25671c07a5f6d71cc5c81f15c9ca94dc",
    "https://esm.sh/v99/@codemirror/language@6.3.0/X-ZS9AY29kZW1pcnJvci9zdGF0ZSxAY29kZW1pcnJvci92aWV3LEBsZXplci9jb21tb24sQGxlemVyL2hpZ2hsaWdodCxAbGV6ZXIvbHI/dist/index.d.ts": "64eedd03ede24d3e268f781652d7681a3238288adbfc3ee4b02ddfaec3cc3649",
    "https://esm.sh/v99/@codemirror/language@6.3.1/X-ZS9AY29kZW1pcnJvci9jb21tYW5kcyxAY29kZW1pcnJvci9zdGF0ZSxAY29kZW1pcnJvci92aWV3LEBsZXplci9jb21tb24/deno/language.js": "deef76dd4c8f7ecf5b7f821b19ba0e0df770b7ca5e83a2f8986392dcf8220629",
    "https://esm.sh/v99/@codemirror/language@6.3.1/X-ZS9AY29kZW1pcnJvci9zdGF0ZSxAY29kZW1pcnJvci92aWV3/deno/language.js": "7454060441ec3479708819f683f2b621be51842198d9b273a2f99f814d1af75e",
    "https://esm.sh/v99/@codemirror/legacy-modes@6.2.0/X-ZS9AY29kZW1pcnJvci9sYW5ndWFnZQ/deno/mode/yaml.js": "052f8256e203426d88ac04c52e53bc956e193a5c38860623e0358e0c6ee9e6ee",
    "https://esm.sh/v99/@codemirror/legacy-modes@6.2.0/X-ZS9AY29kZW1pcnJvci9sYW5ndWFnZQ/mode/yaml.d.ts": "e09e8ecf1cdfb67945b37e940449fdfcbc95c1b7d3342bcd83024f3351ad7e7d",
    "https://esm.sh/v99/@codemirror/lint@6.0.0/X-ZS9AY29kZW1pcnJvci9zdGF0ZSxAbGV6ZXIvY29tbW9u/deno/lint.js": "78be263434c4e31cadede9a4e1825e65f64c21ba5cb936d8b6a4cbdec920bdaf",
    "https://esm.sh/v99/@codemirror/lint@6.0.0/X-ZS9AY29kZW1pcnJvci9zdGF0ZSxAbGV6ZXIvY29tbW9u/dist/index.d.ts": "42e531711c9d0dffb751ed44e2a2e5d148a8ea3bf542614913fa21dea5e580d5",
    "https://esm.sh/v99/@codemirror/search@6.2.2/X-ZS9AY29kZW1pcnJvci9zdGF0ZSxAY29kZW1pcnJvci92aWV3/deno/search.js": "981a298916c7203cf3c024918c3f6bb5a0ed1677b588f6ae6d34337c527e7c00",
    "https://esm.sh/v99/@codemirror/search@6.2.2/X-ZS9AY29kZW1pcnJvci9zdGF0ZSxAY29kZW1pcnJvci92aWV3/dist/index.d.ts": "d5f047d149177cb58255cec71c682cc5a9f8d4bc273d9feac32fa04d82ee2d50",
    "https://esm.sh/v99/@codemirror/state@6.1.2/deno/state.js": "495a415dc46522696dfcd10419fdc6a9e286fdd06f01301c55ebe1e509fb3aae",
    "https://esm.sh/v99/@codemirror/state@6.1.2/dist/index.d.ts": "f6dca2b07e6e3cec4da43cb83803fd5532d4c6fb581bdbdef8602b9287b5fc2e",
    "https://esm.sh/v99/@codemirror/view@6.4.1/X-ZS9AY29kZW1pcnJvci9zdGF0ZSxAbGV6ZXIvY29tbW9u/deno/view.js": "6e1b1da7af3571eda0e192de1d787a64c8cdbc74c53aaf84ce9599aa2c24d87d",
    "https://esm.sh/v99/@codemirror/view@6.4.1/X-ZS9AY29kZW1pcnJvci9zdGF0ZSxAbGV6ZXIvY29tbW9u/dist/index.d.ts": "764200ab0635e3b28be7249ee31a1cb26ca1ad43d10aeb85356a006d267965bd",
    "https://esm.sh/v99/@codemirror/view@6.5.1/X-ZS9AY29kZW1pcnJvci9zdGF0ZSxAbGV6ZXIvY29tbW9u/deno/view.js": "bdc4013e9ee3df0110f81bce3e7e8fc656a195885ad55f63c3edd195946c52f3",
    "https://esm.sh/v99/@codemirror/view@6.5.1/X-ZS9AY29kZW1pcnJvci9zdGF0ZSxAbGV6ZXIvY29tbW9u/dist/index.d.ts": "464600a147ed912d08e8a200ac9dc275d5e35cca66c8d6d2b86ee8533e39d1b8",
    "https://esm.sh/v99/@lezer/common@1.0.1/X-ZS9AY29kZW1pcnJvci9zdGF0ZSxAY29kZW1pcnJvci92aWV3/deno/common.js": "d98b6ab14af0c1db81c26a81cdc9810a165c85a3042ef2f5a9f29a0d87908434",
    "https://esm.sh/v99/@lezer/common@1.0.1/deno/common.js": "d98b6ab14af0c1db81c26a81cdc9810a165c85a3042ef2f5a9f29a0d87908434",
    "https://esm.sh/v99/@lezer/common@1.0.1/dist/index.d.ts": "21a5c7a2d65eef753fa40e030347b110f46f317940dfb3fca96ca1cd29aecc3e",
    "https://esm.sh/v99/@lezer/common@1.0.1/dist/mix.d.ts": "9bbb4fb040a40a89f073da81cd34b0949eeaffbe864defc0d0a0171e3ba5a295",
    "https://esm.sh/v99/@lezer/common@1.0.1/dist/parse.d.ts": "760453362125afdb6afb591d98a22910155ad6ecd00b26fab7409c15c8ab24fa",
    "https://esm.sh/v99/@lezer/common@1.0.1/dist/tree.d.ts": "7f2f3d95cc29b8bdf5ee683892e27eb37696794ee6f9d08de07402d1ce732587",
    "https://esm.sh/v99/@lezer/css@1.0.1/X-ZS9AY29kZW1pcnJvci9sYW5ndWFnZSxAY29kZW1pcnJvci9zdGF0ZSxAY29kZW1pcnJvci92aWV3LEBsZXplci9jb21tb24sQGxlemVyL2hpZ2hsaWdodCxAbGV6ZXIvbWFya2Rvd24/deno/css.js": "0efdf7ffccf3a95de8018cc4e157fe48f6cb452fd2fdba0987eb2e520eb5d358",
    "https://esm.sh/v99/@lezer/highlight@1.1.1/X-ZS9AbGV6ZXIvY29tbW9u/deno/highlight.js": "7074af927574212219aa71b82dd9691aad5ee55bdfa3fc6695b1cdadb7be72e2",
    "https://esm.sh/v99/@lezer/highlight@1.1.1/X-ZS9AbGV6ZXIvY29tbW9u/dist/highlight.d.ts": "b064c20877a7f8d5538627ff165fedffc686555b4d6ea929b85eb2c63dafe409",
    "https://esm.sh/v99/@lezer/highlight@1.1.2/X-ZS9AY29kZW1pcnJvci9jb21tYW5kcyxAY29kZW1pcnJvci9zdGF0ZSxAY29kZW1pcnJvci92aWV3LEBsZXplci9jb21tb24/deno/highlight.js": "4ff998ba8a7bd6d64a5fd260c81aba1aa61511498d8816018b1a212b26902a1c",
    "https://esm.sh/v99/@lezer/highlight@1.1.2/X-ZS9AY29kZW1pcnJvci9zdGF0ZSxAY29kZW1pcnJvci92aWV3/deno/highlight.js": "2decf2f797d9064fb7967181a73e4f081c848e039d973a2c1e269d06a5d21d23",
    "https://esm.sh/v99/@lezer/html@1.1.1/X-ZS9AY29kZW1pcnJvci9sYW5ndWFnZSxAY29kZW1pcnJvci9zdGF0ZSxAY29kZW1pcnJvci92aWV3LEBsZXplci9jb21tb24sQGxlemVyL2hpZ2hsaWdodCxAbGV6ZXIvbWFya2Rvd24/deno/html.js": "9da47a80e14e5873ba25d946de2a95e61622b6ba01945ed27b1b3d175d058f17",
    "https://esm.sh/v99/@lezer/javascript@1.0.2/X-ZS9AY29kZW1pcnJvci9sYW5ndWFnZSxAbGV6ZXIvY29tbW9uLEBsZXplci9oaWdobGlnaHQ/deno/javascript.js": "b5e6a482f17817ccf9dea8a0a5819890d07732b6ece20ded7ba6ef9b8e63f339",
    "https://esm.sh/v99/@lezer/javascript@1.0.2/X-ZS9AY29kZW1pcnJvci9sYW5ndWFnZSxAbGV6ZXIvY29tbW9uLEBsZXplci9oaWdobGlnaHQ/dist/index.d.ts": "4424ef25648ad13eb22fbdde521517b08cf1156413cbcc4ac8438bf1edede849",
    "https://esm.sh/v99/@lezer/javascript@1.1.0/X-ZS9AY29kZW1pcnJvci9sYW5ndWFnZSxAY29kZW1pcnJvci9zdGF0ZSxAY29kZW1pcnJvci92aWV3LEBsZXplci9jb21tb24sQGxlemVyL2hpZ2hsaWdodCxAbGV6ZXIvbWFya2Rvd24/deno/javascript.js": "a1d4ad22f757d855e27d5b3de56faca9a82999ff48a3f09f322d13d6d29c29d1",
    "https://esm.sh/v99/@lezer/lr@1.2.5/X-ZS9AY29kZW1pcnJvci9sYW5ndWFnZSxAY29kZW1pcnJvci9zdGF0ZSxAY29kZW1pcnJvci92aWV3LEBsZXplci9jb21tb24sQGxlemVyL2hpZ2hsaWdodCxAbGV6ZXIvbWFya2Rvd24/deno/lr.js": "96c9fac569654973c38208a357dc2938f1be2610584457b24a78db3db568064b",
    "https://esm.sh/v99/@lezer/lr@1.2.5/X-ZS9AY29kZW1pcnJvci9sYW5ndWFnZSxAbGV6ZXIvY29tbW9uLEBsZXplci9oaWdobGlnaHQ/deno/lr.js": "96c9fac569654973c38208a357dc2938f1be2610584457b24a78db3db568064b",
    "https://esm.sh/v99/@lezer/lr@1.2.5/X-ZS9AY29kZW1pcnJvci9sYW5ndWFnZSxAbGV6ZXIvY29tbW9uLEBsZXplci9oaWdobGlnaHQ/dist/index.d.ts": "690f251a6dc9130e7d497c5e967fc855b765b40f929e3436a42945118bd8d317",
    "https://esm.sh/v99/@lezer/lr@1.2.5/X-ZS9AY29kZW1pcnJvci9sYW5ndWFnZSxAbGV6ZXIvY29tbW9uLEBsZXplci9oaWdobGlnaHQ/dist/parse.d.ts": "76789d47d5ec10721f77ea595da4d89684c100280a60aeb71093c2c93e0edc8e",
    "https://esm.sh/v99/@lezer/lr@1.2.5/X-ZS9AY29kZW1pcnJvci9sYW5ndWFnZSxAbGV6ZXIvY29tbW9uLEBsZXplci9oaWdobGlnaHQ/dist/stack.d.ts": "d9819a1aefc951901f6ab813207307bda76c94fad5bffc141616d266478236bb",
    "https://esm.sh/v99/@lezer/lr@1.2.5/X-ZS9AY29kZW1pcnJvci9sYW5ndWFnZSxAbGV6ZXIvY29tbW9uLEBsZXplci9oaWdobGlnaHQ/dist/token.d.ts": "8687ea2a1b30396edde731ec6744838ee328be52211ef7bec9136c8dd4a3e3b0",
    "https://esm.sh/v99/@lezer/lr@1.2.5/deno/lr.js": "2764aaba15587049ada208cae338600b8a416dcdc6b77391fdde7fd0fe506b9c",
    "https://esm.sh/v99/@lezer/lr@1.2.5/dist/index.d.ts": "690f251a6dc9130e7d497c5e967fc855b765b40f929e3436a42945118bd8d317",
    "https://esm.sh/v99/@lezer/lr@1.2.5/dist/parse.d.ts": "8ced7b5265c95c1bb238e41b954098d26823771391a13e5757df3f5d94354f4f",
    "https://esm.sh/v99/@lezer/lr@1.2.5/dist/stack.d.ts": "323937e29807acd3143554f1a4ae03900695ce63458c7d2255ac205ef9adf12e",
    "https://esm.sh/v99/@lezer/lr@1.2.5/dist/token.d.ts": "8687ea2a1b30396edde731ec6744838ee328be52211ef7bec9136c8dd4a3e3b0",
    "https://esm.sh/v99/@lezer/markdown@1.0.2/X-ZS9AY29kZW1pcnJvci9sYW5ndWFnZSxAbGV6ZXIvY29tbW9uLEBsZXplci9oaWdobGlnaHQ/deno/markdown.js": "761ac516a52c43981fd6e24b86f44172c82012f23f8206d4deca2b48fd1645dd",
    "https://esm.sh/v99/@lezer/markdown@1.0.2/X-ZS9AY29kZW1pcnJvci9sYW5ndWFnZSxAbGV6ZXIvY29tbW9uLEBsZXplci9oaWdobGlnaHQ/dist/extension.d.ts": "d404c8bbcc972a3491e126b5a7fa74e03dd57cf3353a218be4b25730f90e3709",
    "https://esm.sh/v99/@lezer/markdown@1.0.2/X-ZS9AY29kZW1pcnJvci9sYW5ndWFnZSxAbGV6ZXIvY29tbW9uLEBsZXplci9oaWdobGlnaHQ/dist/index.d.ts": "f7ffa54842eeb16de828d0e71bc58596403fcf8779438a76033c0ba166fc91ff",
    "https://esm.sh/v99/@lezer/markdown@1.0.2/X-ZS9AY29kZW1pcnJvci9sYW5ndWFnZSxAbGV6ZXIvY29tbW9uLEBsZXplci9oaWdobGlnaHQ/dist/markdown.d.ts": "6cc5024d43d19bb21287da36cd8dcb60723b887bc0da77ef71a16081ff86336e",
    "https://esm.sh/v99/@lezer/markdown@1.0.2/X-ZS9AY29kZW1pcnJvci9sYW5ndWFnZSxAbGV6ZXIvY29tbW9uLEBsZXplci9oaWdobGlnaHQ/dist/nest.d.ts": "87b32fe48efdadb3295f969f9ac411d30a2b3b3c1e389b8060c48a082de05239",
    "https://esm.sh/v99/crelt@1.0.5/X-ZS9AY29kZW1pcnJvci9zdGF0ZSxAY29kZW1pcnJvci92aWV3/deno/crelt.js": "76d65aac73e670c96ac01fcde4ff6d3d34ff5b83cc29eebf410412a816aad49d",
    "https://esm.sh/v99/crelt@1.0.5/X-ZS9AY29kZW1pcnJvci9zdGF0ZSxAbGV6ZXIvY29tbW9u/deno/crelt.js": "76d65aac73e670c96ac01fcde4ff6d3d34ff5b83cc29eebf410412a816aad49d",
    "https://esm.sh/v99/style-mod@4.0.0/X-ZS9AY29kZW1pcnJvci9jb21tYW5kcyxAY29kZW1pcnJvci9zdGF0ZSxAY29kZW1pcnJvci92aWV3LEBsZXplci9jb21tb24/deno/style-mod.js": "27f42a24645f9c83ff8a5a756ad2d46cb39e3c37286011a31236f5b90a3a08fe",
    "https://esm.sh/v99/style-mod@4.0.0/X-ZS9AY29kZW1pcnJvci9zdGF0ZSxAY29kZW1pcnJvci92aWV3/deno/style-mod.js": "27f42a24645f9c83ff8a5a756ad2d46cb39e3c37286011a31236f5b90a3a08fe",
    "https://esm.sh/v99/style-mod@4.0.0/X-ZS9AY29kZW1pcnJvci9zdGF0ZSxAY29kZW1pcnJvci92aWV3LEBsZXplci9jb21tb24sQGxlemVyL2hpZ2hsaWdodCxAbGV6ZXIvbHI/deno/style-mod.js": "27f42a24645f9c83ff8a5a756ad2d46cb39e3c37286011a31236f5b90a3a08fe",
    "https://esm.sh/v99/style-mod@4.0.0/X-ZS9AY29kZW1pcnJvci9zdGF0ZSxAY29kZW1pcnJvci92aWV3LEBsZXplci9jb21tb24sQGxlemVyL2hpZ2hsaWdodCxAbGV6ZXIvbHI/src/style-mod.d.ts": "b67005a45a00e302e4f1f170a97155301590841c937df9565532c51d1f75ef9a",
    "https://esm.sh/v99/style-mod@4.0.0/X-ZS9AY29kZW1pcnJvci9zdGF0ZSxAbGV6ZXIvY29tbW9u/deno/style-mod.js": "27f42a24645f9c83ff8a5a756ad2d46cb39e3c37286011a31236f5b90a3a08fe",
    "https://esm.sh/v99/style-mod@4.0.0/X-ZS9AY29kZW1pcnJvci9zdGF0ZSxAbGV6ZXIvY29tbW9u/src/style-mod.d.ts": "b67005a45a00e302e4f1f170a97155301590841c937df9565532c51d1f75ef9a",
    "https://esm.sh/v99/w3c-keyname@2.2.6/X-ZS9AY29kZW1pcnJvci9zdGF0ZSxAbGV6ZXIvY29tbW9u/deno/w3c-keyname.js": "c77e8b2dbfcbad06ce72f2a70a5522d66b18852b315eecf45e81b158516ce079"
  }
}
